// !$*UTF8*$!
{
	archiveVersion = 1;
	classes = {
	};
	objectVersion = 46;
	objects = {

/* Begin PBXBuildFile section */
		9815BC4E1A1E33850001EB49 /* block.wav in Resources */ = {isa = PBXBuildFile; fileRef = 9815BC4B1A1E33850001EB49 /* block.wav */; };
		9815BC4F1A1E33850001EB49 /* charge.wav in Resources */ = {isa = PBXBuildFile; fileRef = 9815BC4C1A1E33850001EB49 /* charge.wav */; };
		9815BC501A1E33850001EB49 /* attack.wav in Resources */ = {isa = PBXBuildFile; fileRef = 9815BC4D1A1E33850001EB49 /* attack.wav */; };
		983BE0C919E7521E00147F39 /* OSXAppDelegate.m in Sources */ = {isa = PBXBuildFile; fileRef = 983BE0C819E7521E00147F39 /* OSXAppDelegate.m */; };
		983BE0CB19E7521E00147F39 /* main.m in Sources */ = {isa = PBXBuildFile; fileRef = 983BE0CA19E7521E00147F39 /* main.m */; };
		983BE0D519E7521E00147F39 /* MainMenu.xib in Resources */ = {isa = PBXBuildFile; fileRef = 983BE0D319E7521E00147F39 /* MainMenu.xib */; };
		983BE0E119E7521E00147F39 /* Rhythm_SatelliteTests.m in Sources */ = {isa = PBXBuildFile; fileRef = 983BE0E019E7521E00147F39 /* Rhythm_SatelliteTests.m */; };
		983BE0F419E753BB00147F39 /* main.m in Sources */ = {isa = PBXBuildFile; fileRef = 983BE0F319E753BB00147F39 /* main.m */; };
		983BE0F719E753BB00147F39 /* iOSAppDelegate.m in Sources */ = {isa = PBXBuildFile; fileRef = 983BE0F619E753BB00147F39 /* iOSAppDelegate.m */; };
		983BE0FF19E753BB00147F39 /* GameViewController.m in Sources */ = {isa = PBXBuildFile; fileRef = 983BE0FE19E753BB00147F39 /* GameViewController.m */; };
		983BE10219E753BB00147F39 /* Main.storyboard in Resources */ = {isa = PBXBuildFile; fileRef = 983BE10019E753BB00147F39 /* Main.storyboard */; };
		983BE11319E753BB00147F39 /* Rhythm_Satellite_iOSTests.m in Sources */ = {isa = PBXBuildFile; fileRef = 983BE11219E753BB00147F39 /* Rhythm_Satellite_iOSTests.m */; };
		9847D9511A12E17700658D41 /* Note.atlas in Resources */ = {isa = PBXBuildFile; fileRef = 9847D9501A12E17700658D41 /* Note.atlas */; };
		9847D9521A12E17700658D41 /* Note.atlas in Resources */ = {isa = PBXBuildFile; fileRef = 9847D9501A12E17700658D41 /* Note.atlas */; };
		984BCD8119EE579200F90CAB /* AlarmClockScene.m in Sources */ = {isa = PBXBuildFile; fileRef = 984BCD8019EE579200F90CAB /* AlarmClockScene.m */; };
		985048201A1C635E0066FA31 /* Charge.atlas in Resources */ = {isa = PBXBuildFile; fileRef = 9850481F1A1C635E0066FA31 /* Charge.atlas */; };
		985048211A1C635E0066FA31 /* Charge.atlas in Resources */ = {isa = PBXBuildFile; fileRef = 9850481F1A1C635E0066FA31 /* Charge.atlas */; };
		985048241A1C638E0066FA31 /* RSChargeIcon.m in Sources */ = {isa = PBXBuildFile; fileRef = 985048231A1C638E0066FA31 /* RSChargeIcon.m */; };
		985048251A1C638E0066FA31 /* RSChargeIcon.m in Sources */ = {isa = PBXBuildFile; fileRef = 985048231A1C638E0066FA31 /* RSChargeIcon.m */; };
		985048321A1C9D5E0066FA31 /* da.wav in Resources */ = {isa = PBXBuildFile; fileRef = 9850482F1A1C9D5E0066FA31 /* da.wav */; };
		985048331A1C9D5E0066FA31 /* da.wav in Resources */ = {isa = PBXBuildFile; fileRef = 9850482F1A1C9D5E0066FA31 /* da.wav */; };
		985048341A1C9D5E0066FA31 /* a.wav in Resources */ = {isa = PBXBuildFile; fileRef = 985048301A1C9D5E0066FA31 /* a.wav */; };
		985048351A1C9D5E0066FA31 /* a.wav in Resources */ = {isa = PBXBuildFile; fileRef = 985048301A1C9D5E0066FA31 /* a.wav */; };
		985048361A1C9D5E0066FA31 /* sa.wav in Resources */ = {isa = PBXBuildFile; fileRef = 985048311A1C9D5E0066FA31 /* sa.wav */; };
		985048371A1C9D5E0066FA31 /* sa.wav in Resources */ = {isa = PBXBuildFile; fileRef = 985048311A1C9D5E0066FA31 /* sa.wav */; };
		9850483A1A1CA16D0066FA31 /* round.png in Resources */ = {isa = PBXBuildFile; fileRef = 985048381A1CA16D0066FA31 /* round.png */; };
		9850483B1A1CA16D0066FA31 /* round@2x.png in Resources */ = {isa = PBXBuildFile; fileRef = 985048391A1CA16D0066FA31 /* round@2x.png */; };
		985048421A1CD4300066FA31 /* Images.xcassets in Resources */ = {isa = PBXBuildFile; fileRef = 985048411A1CD4300066FA31 /* Images.xcassets */; };
		98540F0419FDC3C1000BAC9C /* RS1.m4a in Resources */ = {isa = PBXBuildFile; fileRef = 98540F0319FDC3C1000BAC9C /* RS1.m4a */; };
		98540F0519FDC3C1000BAC9C /* RS1.m4a in Resources */ = {isa = PBXBuildFile; fileRef = 98540F0319FDC3C1000BAC9C /* RS1.m4a */; };
		98564E9E1A0F334100284333 /* BattleScene.m in Sources */ = {isa = PBXBuildFile; fileRef = 98564E9D1A0F334100284333 /* BattleScene.m */; };
		98564EA11A0F35CE00284333 /* Action.m in Sources */ = {isa = PBXBuildFile; fileRef = 98564EA01A0F35CE00284333 /* Action.m */; };
		98564EA51A14A06700284333 /* Go.m4a in Resources */ = {isa = PBXBuildFile; fileRef = 98564EA31A14A06700284333 /* Go.m4a */; };
		98564EA61A14A06700284333 /* Ready.m4a in Resources */ = {isa = PBXBuildFile; fileRef = 98564EA41A14A06700284333 /* Ready.m4a */; };
		98586BC119FB8DBA00FC345F /* MotionControllerModule.m in Sources */ = {isa = PBXBuildFile; fileRef = 98586BC019FB8DBA00FC345F /* MotionControllerModule.m */; };
		9885E86D19FA3719004CFA61 /* MainScene.m in Sources */ = {isa = PBXBuildFile; fileRef = 9885E86C19FA3719004CFA61 /* MainScene.m */; };
		9885E87019FBE28B004CFA61 /* AlarmClockModule.m in Sources */ = {isa = PBXBuildFile; fileRef = 9885E86F19FBE28B004CFA61 /* AlarmClockModule.m */; };
		988DA1A019F497D600B01889 /* BattleHUD.m in Sources */ = {isa = PBXBuildFile; fileRef = 988DA19F19F497D600B01889 /* BattleHUD.m */; };
		988DA1A319F49D7D00B01889 /* BTPeripheralModule.m in Sources */ = {isa = PBXBuildFile; fileRef = 988DA1A219F49D7D00B01889 /* BTPeripheralModule.m */; };
		988DA1A419F49D7D00B01889 /* BTPeripheralModule.m in Sources */ = {isa = PBXBuildFile; fileRef = 988DA1A219F49D7D00B01889 /* BTPeripheralModule.m */; };
		988DA1A619F4AC7100B01889 /* simplebeat.caf in Resources */ = {isa = PBXBuildFile; fileRef = 98F0FC1D19F2A89A0071768B /* simplebeat.caf */; };
		989102881A1C21BC006F0CA4 /* RSHPBar.m in Sources */ = {isa = PBXBuildFile; fileRef = 989102871A1C21BC006F0CA4 /* RSHPBar.m */; };
		9891028A1A1C29F8006F0CA4 /* HP.atlas in Resources */ = {isa = PBXBuildFile; fileRef = 989102891A1C29F8006F0CA4 /* HP.atlas */; };
		98B4A6391A1629EA004935EF /* DDAbstractDatabaseLogger.m in Sources */ = {isa = PBXBuildFile; fileRef = 98B4A62B1A1629EA004935EF /* DDAbstractDatabaseLogger.m */; };
		98B4A63B1A1629EA004935EF /* DDASLLogger.m in Sources */ = {isa = PBXBuildFile; fileRef = 98B4A62D1A1629EA004935EF /* DDASLLogger.m */; };
		98B4A63D1A1629EA004935EF /* DDFileLogger.m in Sources */ = {isa = PBXBuildFile; fileRef = 98B4A62F1A1629EA004935EF /* DDFileLogger.m */; };
		98B4A63F1A1629EA004935EF /* DDLog.m in Sources */ = {isa = PBXBuildFile; fileRef = 98B4A6311A1629EA004935EF /* DDLog.m */; };
		98B4A6411A1629EA004935EF /* DDTTYLogger.m in Sources */ = {isa = PBXBuildFile; fileRef = 98B4A6331A1629EA004935EF /* DDTTYLogger.m */; };
		98B4A6431A1629EA004935EF /* ContextFilterLogFormatter.m in Sources */ = {isa = PBXBuildFile; fileRef = 98B4A6361A1629EA004935EF /* ContextFilterLogFormatter.m */; };
		98B4A6451A1629EA004935EF /* DispatchQueueLogFormatter.m in Sources */ = {isa = PBXBuildFile; fileRef = 98B4A6381A1629EA004935EF /* DispatchQueueLogFormatter.m */; };
		98B4A6481A1629FE004935EF /* HueSDK_OSX.framework in Frameworks */ = {isa = PBXBuildFile; fileRef = 98B4A6471A1629FE004935EF /* HueSDK_OSX.framework */; };
		98C915161A1D716000082F65 /* Shadow.atlas in Resources */ = {isa = PBXBuildFile; fileRef = 98C915151A1D716000082F65 /* Shadow.atlas */; };
		98C915171A1D716000082F65 /* Shadow.atlas in Resources */ = {isa = PBXBuildFile; fileRef = 98C915151A1D716000082F65 /* Shadow.atlas */; };
		98C915261A1DC0D700082F65 /* musicnote.png in Resources */ = {isa = PBXBuildFile; fileRef = 98C915231A1DC0D700082F65 /* musicnote.png */; };
		98C915271A1DC0D700082F65 /* musicnote.png in Resources */ = {isa = PBXBuildFile; fileRef = 98C915231A1DC0D700082F65 /* musicnote.png */; };
		98C915281A1DC0D700082F65 /* musicnote@2x.png in Resources */ = {isa = PBXBuildFile; fileRef = 98C915241A1DC0D700082F65 /* musicnote@2x.png */; };
		98C915291A1DC0D700082F65 /* musicnote@2x.png in Resources */ = {isa = PBXBuildFile; fileRef = 98C915241A1DC0D700082F65 /* musicnote@2x.png */; };
		98C9152A1A1DC0D700082F65 /* musicnote@3x.png in Resources */ = {isa = PBXBuildFile; fileRef = 98C915251A1DC0D700082F65 /* musicnote@3x.png */; };
		98C9152B1A1DC0D700082F65 /* musicnote@3x.png in Resources */ = {isa = PBXBuildFile; fileRef = 98C915251A1DC0D700082F65 /* musicnote@3x.png */; };
		98C9152D1A1DE29800082F65 /* Nori_Sleep.atlas in Resources */ = {isa = PBXBuildFile; fileRef = 98C9152C1A1DE29800082F65 /* Nori_Sleep.atlas */; };
		98C9152E1A1DE29800082F65 /* Nori_Sleep.atlas in Resources */ = {isa = PBXBuildFile; fileRef = 98C9152C1A1DE29800082F65 /* Nori_Sleep.atlas */; };
		98C915321A1E0B9900082F65 /* searchlight.png in Resources */ = {isa = PBXBuildFile; fileRef = 98C9152F1A1E0B9900082F65 /* searchlight.png */; };
		98C915331A1E0B9900082F65 /* searchlight.png in Resources */ = {isa = PBXBuildFile; fileRef = 98C9152F1A1E0B9900082F65 /* searchlight.png */; };
		98C915341A1E0B9900082F65 /* searchlight@2x.png in Resources */ = {isa = PBXBuildFile; fileRef = 98C915301A1E0B9900082F65 /* searchlight@2x.png */; };
		98C915351A1E0B9900082F65 /* searchlight@2x.png in Resources */ = {isa = PBXBuildFile; fileRef = 98C915301A1E0B9900082F65 /* searchlight@2x.png */; };
		98C915361A1E0B9900082F65 /* searchlight@3x.png in Resources */ = {isa = PBXBuildFile; fileRef = 98C915311A1E0B9900082F65 /* searchlight@3x.png */; };
		98C915371A1E0B9900082F65 /* searchlight@3x.png in Resources */ = {isa = PBXBuildFile; fileRef = 98C915311A1E0B9900082F65 /* searchlight@3x.png */; };
		98E3CE0A1A157ADA00626D20 /* Player.m in Sources */ = {isa = PBXBuildFile; fileRef = 98E3CE091A157ADA00626D20 /* Player.m */; };
		98E3CE0B1A157ADA00626D20 /* Player.m in Sources */ = {isa = PBXBuildFile; fileRef = 98E3CE091A157ADA00626D20 /* Player.m */; };
		98E3CE121A17009800626D20 /* Nori_Down.atlas in Resources */ = {isa = PBXBuildFile; fileRef = 98E3CE0D1A17009800626D20 /* Nori_Down.atlas */; };
		98E3CE131A17009800626D20 /* Nori_Down.atlas in Resources */ = {isa = PBXBuildFile; fileRef = 98E3CE0D1A17009800626D20 /* Nori_Down.atlas */; };
		98E3CE141A17009800626D20 /* Nori_Nod.atlas in Resources */ = {isa = PBXBuildFile; fileRef = 98E3CE0E1A17009800626D20 /* Nori_Nod.atlas */; };
		98E3CE151A17009800626D20 /* Nori_Nod.atlas in Resources */ = {isa = PBXBuildFile; fileRef = 98E3CE0E1A17009800626D20 /* Nori_Nod.atlas */; };
		98E3CE161A17009800626D20 /* Nori_Ready_Nod.atlas in Resources */ = {isa = PBXBuildFile; fileRef = 98E3CE0F1A17009800626D20 /* Nori_Ready_Nod.atlas */; };
		98E3CE171A17009800626D20 /* Nori_Ready_Nod.atlas in Resources */ = {isa = PBXBuildFile; fileRef = 98E3CE0F1A17009800626D20 /* Nori_Ready_Nod.atlas */; };
		98E3CE181A17009800626D20 /* Nori_Sides.atlas in Resources */ = {isa = PBXBuildFile; fileRef = 98E3CE101A17009800626D20 /* Nori_Sides.atlas */; };
		98E3CE191A17009800626D20 /* Nori_Sides.atlas in Resources */ = {isa = PBXBuildFile; fileRef = 98E3CE101A17009800626D20 /* Nori_Sides.atlas */; };
		98E3CE1A1A17009800626D20 /* Nori_Up.atlas in Resources */ = {isa = PBXBuildFile; fileRef = 98E3CE111A17009800626D20 /* Nori_Up.atlas */; };
		98E3CE1B1A17009800626D20 /* Nori_Up.atlas in Resources */ = {isa = PBXBuildFile; fileRef = 98E3CE111A17009800626D20 /* Nori_Up.atlas */; };
		98E3CE1D1A1A216600626D20 /* Go.wav in Resources */ = {isa = PBXBuildFile; fileRef = 98E3CE1C1A1A216600626D20 /* Go.wav */; };
		98E3CE3A1A1A3A7E00626D20 /* Action.m in Sources */ = {isa = PBXBuildFile; fileRef = 98564EA01A0F35CE00284333 /* Action.m */; };
		98E7C26A19F0E1F8006397DF /* bgm.mp3 in Resources */ = {isa = PBXBuildFile; fileRef = 98E7C26919F0E1F8006397DF /* bgm.mp3 */; };
		98E7C26B19F0E1F8006397DF /* bgm.mp3 in Resources */ = {isa = PBXBuildFile; fileRef = 98E7C26919F0E1F8006397DF /* bgm.mp3 */; };
		98ED635F1A196EBD00A9182B /* hill.png in Resources */ = {isa = PBXBuildFile; fileRef = 98ED635B1A196EBD00A9182B /* hill.png */; };
		98ED63601A196EBD00A9182B /* hill@2x.png in Resources */ = {isa = PBXBuildFile; fileRef = 98ED635C1A196EBD00A9182B /* hill@2x.png */; };
		98ED63651A1970E400A9182B /* hill_zoomed.png in Resources */ = {isa = PBXBuildFile; fileRef = 98ED63631A1970E400A9182B /* hill_zoomed.png */; };
		98ED63661A1970E400A9182B /* hill_zoomed@2x.png in Resources */ = {isa = PBXBuildFile; fileRef = 98ED63641A1970E400A9182B /* hill_zoomed@2x.png */; };
		98F0FC1E19F369B20071768B /* simplebeat.caf in Resources */ = {isa = PBXBuildFile; fileRef = 98F0FC1D19F2A89A0071768B /* simplebeat.caf */; };
		98F0FC2319F38D260071768B /* Command.m in Sources */ = {isa = PBXBuildFile; fileRef = 98F0FC2219F38D260071768B /* Command.m */; };
		98F0FC2419F38D260071768B /* Command.m in Sources */ = {isa = PBXBuildFile; fileRef = 98F0FC2219F38D260071768B /* Command.m */; };
		98F0FC2719F38D640071768B /* Character.m in Sources */ = {isa = PBXBuildFile; fileRef = 98F0FC2619F38D640071768B /* Character.m */; };
		98F0FC2819F38D640071768B /* Character.m in Sources */ = {isa = PBXBuildFile; fileRef = 98F0FC2619F38D640071768B /* Character.m */; };
		98F0FC2B19F38E300071768B /* AssemblyScene.m in Sources */ = {isa = PBXBuildFile; fileRef = 98F0FC2A19F38E300071768B /* AssemblyScene.m */; };
		98F0FC3119F3E86D0071768B /* CommandNote.m in Sources */ = {isa = PBXBuildFile; fileRef = 98F0FC3019F3E86D0071768B /* CommandNote.m */; };
		98F0FC3219F3E86D0071768B /* CommandNote.m in Sources */ = {isa = PBXBuildFile; fileRef = 98F0FC3019F3E86D0071768B /* CommandNote.m */; };
		98F0FC3519F3EB520071768B /* BTCentralModule.m in Sources */ = {isa = PBXBuildFile; fileRef = 98F0FC3419F3EB520071768B /* BTCentralModule.m */; };
		98F0FC3619F3EB520071768B /* BTCentralModule.m in Sources */ = {isa = PBXBuildFile; fileRef = 98F0FC3419F3EB520071768B /* BTCentralModule.m */; };
/* End PBXBuildFile section */

/* Begin PBXContainerItemProxy section */
		983BE0DB19E7521E00147F39 /* PBXContainerItemProxy */ = {
			isa = PBXContainerItemProxy;
			containerPortal = 983BE0BA19E7521E00147F39 /* Project object */;
			proxyType = 1;
			remoteGlobalIDString = 983BE0C119E7521E00147F39;
			remoteInfo = "Rhythm Satellite";
		};
		983BE10D19E753BB00147F39 /* PBXContainerItemProxy */ = {
			isa = PBXContainerItemProxy;
			containerPortal = 983BE0BA19E7521E00147F39 /* Project object */;
			proxyType = 1;
			remoteGlobalIDString = 983BE0EE19E753BB00147F39;
			remoteInfo = "Rhythm Satellite iOS";
		};
/* End PBXContainerItemProxy section */

/* Begin PBXFileReference section */
		9815BC4B1A1E33850001EB49 /* block.wav */ = {isa = PBXFileReference; lastKnownFileType = audio.wav; path = block.wav; sourceTree = "<group>"; };
		9815BC4C1A1E33850001EB49 /* charge.wav */ = {isa = PBXFileReference; lastKnownFileType = audio.wav; path = charge.wav; sourceTree = "<group>"; };
		9815BC4D1A1E33850001EB49 /* attack.wav */ = {isa = PBXFileReference; lastKnownFileType = audio.wav; path = attack.wav; sourceTree = "<group>"; };
		983BE0C219E7521E00147F39 /* Rhythm Satellite.app */ = {isa = PBXFileReference; explicitFileType = wrapper.application; includeInIndex = 0; path = "Rhythm Satellite.app"; sourceTree = BUILT_PRODUCTS_DIR; };
		983BE0C619E7521E00147F39 /* Info.plist */ = {isa = PBXFileReference; lastKnownFileType = text.plist.xml; path = Info.plist; sourceTree = "<group>"; };
		983BE0C719E7521E00147F39 /* OSXAppDelegate.h */ = {isa = PBXFileReference; lastKnownFileType = sourcecode.c.h; path = OSXAppDelegate.h; sourceTree = "<group>"; };
		983BE0C819E7521E00147F39 /* OSXAppDelegate.m */ = {isa = PBXFileReference; lastKnownFileType = sourcecode.c.objc; path = OSXAppDelegate.m; sourceTree = "<group>"; };
		983BE0CA19E7521E00147F39 /* main.m */ = {isa = PBXFileReference; lastKnownFileType = sourcecode.c.objc; path = main.m; sourceTree = "<group>"; };
		983BE0D419E7521E00147F39 /* Base */ = {isa = PBXFileReference; lastKnownFileType = file.xib; name = Base; path = Base.lproj/MainMenu.xib; sourceTree = "<group>"; };
		983BE0DA19E7521E00147F39 /* Rhythm SatelliteTests.xctest */ = {isa = PBXFileReference; explicitFileType = wrapper.cfbundle; includeInIndex = 0; path = "Rhythm SatelliteTests.xctest"; sourceTree = BUILT_PRODUCTS_DIR; };
		983BE0DF19E7521E00147F39 /* Info.plist */ = {isa = PBXFileReference; lastKnownFileType = text.plist.xml; path = Info.plist; sourceTree = "<group>"; };
		983BE0E019E7521E00147F39 /* Rhythm_SatelliteTests.m */ = {isa = PBXFileReference; lastKnownFileType = sourcecode.c.objc; path = Rhythm_SatelliteTests.m; sourceTree = "<group>"; };
		983BE0EA19E752CA00147F39 /* TransferService.h */ = {isa = PBXFileReference; lastKnownFileType = sourcecode.c.h; name = TransferService.h; path = "Rhythm Satellite/TransferService.h"; sourceTree = "<group>"; };
		983BE0EF19E753BB00147F39 /* Rhythm Satellite iOS.app */ = {isa = PBXFileReference; explicitFileType = wrapper.application; includeInIndex = 0; path = "Rhythm Satellite iOS.app"; sourceTree = BUILT_PRODUCTS_DIR; };
		983BE0F219E753BB00147F39 /* Info.plist */ = {isa = PBXFileReference; lastKnownFileType = text.plist.xml; path = Info.plist; sourceTree = "<group>"; };
		983BE0F319E753BB00147F39 /* main.m */ = {isa = PBXFileReference; lastKnownFileType = sourcecode.c.objc; path = main.m; sourceTree = "<group>"; };
		983BE0F619E753BB00147F39 /* iOSAppDelegate.m */ = {isa = PBXFileReference; lastKnownFileType = sourcecode.c.objc; path = iOSAppDelegate.m; sourceTree = "<group>"; };
		983BE0FD19E753BB00147F39 /* GameViewController.h */ = {isa = PBXFileReference; lastKnownFileType = sourcecode.c.h; path = GameViewController.h; sourceTree = "<group>"; };
		983BE0FE19E753BB00147F39 /* GameViewController.m */ = {isa = PBXFileReference; lastKnownFileType = sourcecode.c.objc; path = GameViewController.m; sourceTree = "<group>"; };
		983BE10119E753BB00147F39 /* Base */ = {isa = PBXFileReference; lastKnownFileType = file.storyboard; name = Base; path = Base.lproj/Main.storyboard; sourceTree = "<group>"; };
		983BE10C19E753BB00147F39 /* Rhythm Satellite iOSTests.xctest */ = {isa = PBXFileReference; explicitFileType = wrapper.cfbundle; includeInIndex = 0; path = "Rhythm Satellite iOSTests.xctest"; sourceTree = BUILT_PRODUCTS_DIR; };
		983BE11119E753BB00147F39 /* Info.plist */ = {isa = PBXFileReference; lastKnownFileType = text.plist.xml; path = Info.plist; sourceTree = "<group>"; };
		983BE11219E753BB00147F39 /* Rhythm_Satellite_iOSTests.m */ = {isa = PBXFileReference; lastKnownFileType = sourcecode.c.objc; path = Rhythm_Satellite_iOSTests.m; sourceTree = "<group>"; };
		983BE11B19E7588C00147F39 /* iOSAppDelegate.h */ = {isa = PBXFileReference; lastKnownFileType = sourcecode.c.h; path = iOSAppDelegate.h; sourceTree = "<group>"; };
		9847D9501A12E17700658D41 /* Note.atlas */ = {isa = PBXFileReference; lastKnownFileType = folder.skatlas; path = Note.atlas; sourceTree = "<group>"; };
		984BCD8019EE579200F90CAB /* AlarmClockScene.m */ = {isa = PBXFileReference; fileEncoding = 4; lastKnownFileType = sourcecode.c.objc; path = AlarmClockScene.m; sourceTree = "<group>"; };
		984BCD8219EE57AC00F90CAB /* AlarmClockScene.h */ = {isa = PBXFileReference; fileEncoding = 4; lastKnownFileType = sourcecode.c.h; path = AlarmClockScene.h; sourceTree = "<group>"; };
		9850481F1A1C635E0066FA31 /* Charge.atlas */ = {isa = PBXFileReference; lastKnownFileType = folder.skatlas; path = Charge.atlas; sourceTree = "<group>"; };
		985048221A1C638E0066FA31 /* RSChargeIcon.h */ = {isa = PBXFileReference; fileEncoding = 4; lastKnownFileType = sourcecode.c.h; name = RSChargeIcon.h; path = "Rhythm Satellite/RSChargeIcon.h"; sourceTree = "<group>"; };
		985048231A1C638E0066FA31 /* RSChargeIcon.m */ = {isa = PBXFileReference; fileEncoding = 4; lastKnownFileType = sourcecode.c.objc; name = RSChargeIcon.m; path = "Rhythm Satellite/RSChargeIcon.m"; sourceTree = "<group>"; };
		9850482F1A1C9D5E0066FA31 /* da.wav */ = {isa = PBXFileReference; lastKnownFileType = audio.wav; path = da.wav; sourceTree = "<group>"; };
		985048301A1C9D5E0066FA31 /* a.wav */ = {isa = PBXFileReference; lastKnownFileType = audio.wav; path = a.wav; sourceTree = "<group>"; };
		985048311A1C9D5E0066FA31 /* sa.wav */ = {isa = PBXFileReference; lastKnownFileType = audio.wav; path = sa.wav; sourceTree = "<group>"; };
		985048381A1CA16D0066FA31 /* round.png */ = {isa = PBXFileReference; lastKnownFileType = image.png; path = round.png; sourceTree = "<group>"; };
		985048391A1CA16D0066FA31 /* round@2x.png */ = {isa = PBXFileReference; lastKnownFileType = image.png; path = "round@2x.png"; sourceTree = "<group>"; };
		985048411A1CD4300066FA31 /* Images.xcassets */ = {isa = PBXFileReference; lastKnownFileType = folder.assetcatalog; name = Images.xcassets; path = "Rhythm Satellite iOS/Images.xcassets"; sourceTree = "<group>"; };
		98540F0319FDC3C1000BAC9C /* RS1.m4a */ = {isa = PBXFileReference; lastKnownFileType = file; path = RS1.m4a; sourceTree = "<group>"; };
		98564E9C1A0F334100284333 /* BattleScene.h */ = {isa = PBXFileReference; fileEncoding = 4; lastKnownFileType = sourcecode.c.h; path = BattleScene.h; sourceTree = "<group>"; };
		98564E9D1A0F334100284333 /* BattleScene.m */ = {isa = PBXFileReference; fileEncoding = 4; lastKnownFileType = sourcecode.c.objc; path = BattleScene.m; sourceTree = "<group>"; };
		98564E9F1A0F35CE00284333 /* Action.h */ = {isa = PBXFileReference; fileEncoding = 4; lastKnownFileType = sourcecode.c.h; name = Action.h; path = "Rhythm Satellite/Action.h"; sourceTree = "<group>"; };
		98564EA01A0F35CE00284333 /* Action.m */ = {isa = PBXFileReference; fileEncoding = 4; lastKnownFileType = sourcecode.c.objc; name = Action.m; path = "Rhythm Satellite/Action.m"; sourceTree = "<group>"; };
		98564EA31A14A06700284333 /* Go.m4a */ = {isa = PBXFileReference; lastKnownFileType = file; path = Go.m4a; sourceTree = "<group>"; };
		98564EA41A14A06700284333 /* Ready.m4a */ = {isa = PBXFileReference; lastKnownFileType = file; path = Ready.m4a; sourceTree = "<group>"; };
		98586BBF19FB8DBA00FC345F /* MotionControllerModule.h */ = {isa = PBXFileReference; fileEncoding = 4; lastKnownFileType = sourcecode.c.h; path = MotionControllerModule.h; sourceTree = "<group>"; };
		98586BC019FB8DBA00FC345F /* MotionControllerModule.m */ = {isa = PBXFileReference; fileEncoding = 4; lastKnownFileType = sourcecode.c.objc; path = MotionControllerModule.m; sourceTree = "<group>"; };
		9885E86B19FA3719004CFA61 /* MainScene.h */ = {isa = PBXFileReference; fileEncoding = 4; lastKnownFileType = sourcecode.c.h; path = MainScene.h; sourceTree = "<group>"; };
		9885E86C19FA3719004CFA61 /* MainScene.m */ = {isa = PBXFileReference; fileEncoding = 4; lastKnownFileType = sourcecode.c.objc; path = MainScene.m; sourceTree = "<group>"; };
		9885E86E19FBE28B004CFA61 /* AlarmClockModule.h */ = {isa = PBXFileReference; fileEncoding = 4; lastKnownFileType = sourcecode.c.h; path = AlarmClockModule.h; sourceTree = "<group>"; };
		9885E86F19FBE28B004CFA61 /* AlarmClockModule.m */ = {isa = PBXFileReference; fileEncoding = 4; lastKnownFileType = sourcecode.c.objc; path = AlarmClockModule.m; sourceTree = "<group>"; };
		988DA19E19F497D600B01889 /* BattleHUD.h */ = {isa = PBXFileReference; fileEncoding = 4; lastKnownFileType = sourcecode.c.h; path = BattleHUD.h; sourceTree = "<group>"; };
		988DA19F19F497D600B01889 /* BattleHUD.m */ = {isa = PBXFileReference; fileEncoding = 4; lastKnownFileType = sourcecode.c.objc; path = BattleHUD.m; sourceTree = "<group>"; };
		988DA1A119F49D7D00B01889 /* BTPeripheralModule.h */ = {isa = PBXFileReference; fileEncoding = 4; lastKnownFileType = sourcecode.c.h; name = BTPeripheralModule.h; path = "Rhythm Satellite/BTPeripheralModule.h"; sourceTree = "<group>"; };
		988DA1A219F49D7D00B01889 /* BTPeripheralModule.m */ = {isa = PBXFileReference; fileEncoding = 4; lastKnownFileType = sourcecode.c.objc; name = BTPeripheralModule.m; path = "Rhythm Satellite/BTPeripheralModule.m"; sourceTree = "<group>"; };
		989102861A1C21BC006F0CA4 /* RSHPBar.h */ = {isa = PBXFileReference; fileEncoding = 4; lastKnownFileType = sourcecode.c.h; name = RSHPBar.h; path = "Rhythm Satellite/RSHPBar.h"; sourceTree = "<group>"; };
		989102871A1C21BC006F0CA4 /* RSHPBar.m */ = {isa = PBXFileReference; fileEncoding = 4; lastKnownFileType = sourcecode.c.objc; name = RSHPBar.m; path = "Rhythm Satellite/RSHPBar.m"; sourceTree = "<group>"; };
		989102891A1C29F8006F0CA4 /* HP.atlas */ = {isa = PBXFileReference; lastKnownFileType = folder.skatlas; path = HP.atlas; sourceTree = "<group>"; };
		98B4A62A1A1629EA004935EF /* DDAbstractDatabaseLogger.h */ = {isa = PBXFileReference; fileEncoding = 4; lastKnownFileType = sourcecode.c.h; path = DDAbstractDatabaseLogger.h; sourceTree = "<group>"; };
		98B4A62B1A1629EA004935EF /* DDAbstractDatabaseLogger.m */ = {isa = PBXFileReference; fileEncoding = 4; lastKnownFileType = sourcecode.c.objc; path = DDAbstractDatabaseLogger.m; sourceTree = "<group>"; };
		98B4A62C1A1629EA004935EF /* DDASLLogger.h */ = {isa = PBXFileReference; fileEncoding = 4; lastKnownFileType = sourcecode.c.h; path = DDASLLogger.h; sourceTree = "<group>"; };
		98B4A62D1A1629EA004935EF /* DDASLLogger.m */ = {isa = PBXFileReference; fileEncoding = 4; lastKnownFileType = sourcecode.c.objc; path = DDASLLogger.m; sourceTree = "<group>"; };
		98B4A62E1A1629EA004935EF /* DDFileLogger.h */ = {isa = PBXFileReference; fileEncoding = 4; lastKnownFileType = sourcecode.c.h; path = DDFileLogger.h; sourceTree = "<group>"; };
		98B4A62F1A1629EA004935EF /* DDFileLogger.m */ = {isa = PBXFileReference; fileEncoding = 4; lastKnownFileType = sourcecode.c.objc; path = DDFileLogger.m; sourceTree = "<group>"; };
		98B4A6301A1629EA004935EF /* DDLog.h */ = {isa = PBXFileReference; fileEncoding = 4; lastKnownFileType = sourcecode.c.h; path = DDLog.h; sourceTree = "<group>"; };
		98B4A6311A1629EA004935EF /* DDLog.m */ = {isa = PBXFileReference; fileEncoding = 4; lastKnownFileType = sourcecode.c.objc; path = DDLog.m; sourceTree = "<group>"; };
		98B4A6321A1629EA004935EF /* DDTTYLogger.h */ = {isa = PBXFileReference; fileEncoding = 4; lastKnownFileType = sourcecode.c.h; path = DDTTYLogger.h; sourceTree = "<group>"; };
		98B4A6331A1629EA004935EF /* DDTTYLogger.m */ = {isa = PBXFileReference; fileEncoding = 4; lastKnownFileType = sourcecode.c.objc; path = DDTTYLogger.m; sourceTree = "<group>"; };
		98B4A6351A1629EA004935EF /* ContextFilterLogFormatter.h */ = {isa = PBXFileReference; fileEncoding = 4; lastKnownFileType = sourcecode.c.h; path = ContextFilterLogFormatter.h; sourceTree = "<group>"; };
		98B4A6361A1629EA004935EF /* ContextFilterLogFormatter.m */ = {isa = PBXFileReference; fileEncoding = 4; lastKnownFileType = sourcecode.c.objc; path = ContextFilterLogFormatter.m; sourceTree = "<group>"; };
		98B4A6371A1629EA004935EF /* DispatchQueueLogFormatter.h */ = {isa = PBXFileReference; fileEncoding = 4; lastKnownFileType = sourcecode.c.h; path = DispatchQueueLogFormatter.h; sourceTree = "<group>"; };
		98B4A6381A1629EA004935EF /* DispatchQueueLogFormatter.m */ = {isa = PBXFileReference; fileEncoding = 4; lastKnownFileType = sourcecode.c.objc; path = DispatchQueueLogFormatter.m; sourceTree = "<group>"; };
		98B4A6471A1629FE004935EF /* HueSDK_OSX.framework */ = {isa = PBXFileReference; lastKnownFileType = wrapper.framework; path = HueSDK_OSX.framework; sourceTree = "<group>"; };
		98C915151A1D716000082F65 /* Shadow.atlas */ = {isa = PBXFileReference; lastKnownFileType = folder.skatlas; path = Shadow.atlas; sourceTree = "<group>"; };
		98C915231A1DC0D700082F65 /* musicnote.png */ = {isa = PBXFileReference; lastKnownFileType = image.png; path = musicnote.png; sourceTree = "<group>"; };
		98C915241A1DC0D700082F65 /* musicnote@2x.png */ = {isa = PBXFileReference; lastKnownFileType = image.png; path = "musicnote@2x.png"; sourceTree = "<group>"; };
		98C915251A1DC0D700082F65 /* musicnote@3x.png */ = {isa = PBXFileReference; lastKnownFileType = image.png; path = "musicnote@3x.png"; sourceTree = "<group>"; };
		98C9152C1A1DE29800082F65 /* Nori_Sleep.atlas */ = {isa = PBXFileReference; lastKnownFileType = folder.skatlas; path = Nori_Sleep.atlas; sourceTree = "<group>"; };
		98C9152F1A1E0B9900082F65 /* searchlight.png */ = {isa = PBXFileReference; lastKnownFileType = image.png; path = searchlight.png; sourceTree = "<group>"; };
		98C915301A1E0B9900082F65 /* searchlight@2x.png */ = {isa = PBXFileReference; lastKnownFileType = image.png; path = "searchlight@2x.png"; sourceTree = "<group>"; };
		98C915311A1E0B9900082F65 /* searchlight@3x.png */ = {isa = PBXFileReference; lastKnownFileType = image.png; path = "searchlight@3x.png"; sourceTree = "<group>"; };
		98E3CE081A157ADA00626D20 /* Player.h */ = {isa = PBXFileReference; fileEncoding = 4; lastKnownFileType = sourcecode.c.h; name = Player.h; path = "Rhythm Satellite/Player.h"; sourceTree = "<group>"; };
		98E3CE091A157ADA00626D20 /* Player.m */ = {isa = PBXFileReference; fileEncoding = 4; lastKnownFileType = sourcecode.c.objc; name = Player.m; path = "Rhythm Satellite/Player.m"; sourceTree = "<group>"; };
		98E3CE0D1A17009800626D20 /* Nori_Down.atlas */ = {isa = PBXFileReference; lastKnownFileType = folder.skatlas; path = Nori_Down.atlas; sourceTree = "<group>"; };
		98E3CE0E1A17009800626D20 /* Nori_Nod.atlas */ = {isa = PBXFileReference; lastKnownFileType = folder.skatlas; path = Nori_Nod.atlas; sourceTree = "<group>"; };
		98E3CE0F1A17009800626D20 /* Nori_Ready_Nod.atlas */ = {isa = PBXFileReference; lastKnownFileType = folder.skatlas; path = Nori_Ready_Nod.atlas; sourceTree = "<group>"; };
		98E3CE101A17009800626D20 /* Nori_Sides.atlas */ = {isa = PBXFileReference; lastKnownFileType = folder.skatlas; path = Nori_Sides.atlas; sourceTree = "<group>"; };
		98E3CE111A17009800626D20 /* Nori_Up.atlas */ = {isa = PBXFileReference; lastKnownFileType = folder.skatlas; path = Nori_Up.atlas; sourceTree = "<group>"; };
		98E3CE1C1A1A216600626D20 /* Go.wav */ = {isa = PBXFileReference; lastKnownFileType = audio.wav; path = Go.wav; sourceTree = "<group>"; };
		98E7C26919F0E1F8006397DF /* bgm.mp3 */ = {isa = PBXFileReference; lastKnownFileType = audio.mp3; path = bgm.mp3; sourceTree = "<group>"; };
		98ED635B1A196EBD00A9182B /* hill.png */ = {isa = PBXFileReference; lastKnownFileType = image.png; path = hill.png; sourceTree = "<group>"; };
		98ED635C1A196EBD00A9182B /* hill@2x.png */ = {isa = PBXFileReference; lastKnownFileType = image.png; path = "hill@2x.png"; sourceTree = "<group>"; };
		98ED63631A1970E400A9182B /* hill_zoomed.png */ = {isa = PBXFileReference; lastKnownFileType = image.png; name = hill_zoomed.png; path = ../hill_zoomed.png; sourceTree = "<group>"; };
		98ED63641A1970E400A9182B /* hill_zoomed@2x.png */ = {isa = PBXFileReference; lastKnownFileType = image.png; name = "hill_zoomed@2x.png"; path = "../hill_zoomed@2x.png"; sourceTree = "<group>"; };
		98F0FC1D19F2A89A0071768B /* simplebeat.caf */ = {isa = PBXFileReference; lastKnownFileType = file; path = simplebeat.caf; sourceTree = "<group>"; };
		98F0FC2119F38D260071768B /* Command.h */ = {isa = PBXFileReference; fileEncoding = 4; lastKnownFileType = sourcecode.c.h; name = Command.h; path = "Rhythm Satellite/Command.h"; sourceTree = "<group>"; };
		98F0FC2219F38D260071768B /* Command.m */ = {isa = PBXFileReference; fileEncoding = 4; lastKnownFileType = sourcecode.c.objc; name = Command.m; path = "Rhythm Satellite/Command.m"; sourceTree = "<group>"; };
		98F0FC2519F38D640071768B /* Character.h */ = {isa = PBXFileReference; fileEncoding = 4; lastKnownFileType = sourcecode.c.h; name = Character.h; path = "Rhythm Satellite/Character.h"; sourceTree = "<group>"; };
		98F0FC2619F38D640071768B /* Character.m */ = {isa = PBXFileReference; fileEncoding = 4; lastKnownFileType = sourcecode.c.objc; name = Character.m; path = "Rhythm Satellite/Character.m"; sourceTree = "<group>"; };
		98F0FC2919F38E300071768B /* AssemblyScene.h */ = {isa = PBXFileReference; fileEncoding = 4; lastKnownFileType = sourcecode.c.h; path = AssemblyScene.h; sourceTree = "<group>"; };
		98F0FC2A19F38E300071768B /* AssemblyScene.m */ = {isa = PBXFileReference; fileEncoding = 4; lastKnownFileType = sourcecode.c.objc; path = AssemblyScene.m; sourceTree = "<group>"; };
		98F0FC2F19F3E86D0071768B /* CommandNote.h */ = {isa = PBXFileReference; fileEncoding = 4; lastKnownFileType = sourcecode.c.h; name = CommandNote.h; path = "Rhythm Satellite/CommandNote.h"; sourceTree = "<group>"; };
		98F0FC3019F3E86D0071768B /* CommandNote.m */ = {isa = PBXFileReference; fileEncoding = 4; lastKnownFileType = sourcecode.c.objc; name = CommandNote.m; path = "Rhythm Satellite/CommandNote.m"; sourceTree = "<group>"; };
		98F0FC3319F3EB520071768B /* BTCentralModule.h */ = {isa = PBXFileReference; fileEncoding = 4; lastKnownFileType = sourcecode.c.h; name = BTCentralModule.h; path = "Rhythm Satellite/BTCentralModule.h"; sourceTree = "<group>"; };
		98F0FC3419F3EB520071768B /* BTCentralModule.m */ = {isa = PBXFileReference; fileEncoding = 4; lastKnownFileType = sourcecode.c.objc; name = BTCentralModule.m; path = "Rhythm Satellite/BTCentralModule.m"; sourceTree = "<group>"; };
/* End PBXFileReference section */

/* Begin PBXFrameworksBuildPhase section */
		983BE0BF19E7521E00147F39 /* Frameworks */ = {
			isa = PBXFrameworksBuildPhase;
			buildActionMask = 2147483647;
			files = (
				98B4A6481A1629FE004935EF /* HueSDK_OSX.framework in Frameworks */,
			);
			runOnlyForDeploymentPostprocessing = 0;
		};
		983BE0D719E7521E00147F39 /* Frameworks */ = {
			isa = PBXFrameworksBuildPhase;
			buildActionMask = 2147483647;
			files = (
			);
			runOnlyForDeploymentPostprocessing = 0;
		};
		983BE0EC19E753BB00147F39 /* Frameworks */ = {
			isa = PBXFrameworksBuildPhase;
			buildActionMask = 2147483647;
			files = (
			);
			runOnlyForDeploymentPostprocessing = 0;
		};
		983BE10919E753BB00147F39 /* Frameworks */ = {
			isa = PBXFrameworksBuildPhase;
			buildActionMask = 2147483647;
			files = (
			);
			runOnlyForDeploymentPostprocessing = 0;
		};
/* End PBXFrameworksBuildPhase section */

/* Begin PBXGroup section */
		9805CF8E19E77048008C0DC3 /* Assets */ = {
			isa = PBXGroup;
			children = (
				985048411A1CD4300066FA31 /* Images.xcassets */,
				98564EA21A14A04F00284333 /* SoundEffects */,
				98540F061A066BC2000BAC9C /* SpriteFiles */,
				98540EF919FD11D2000BAC9C /* Music */,
			);
			name = Assets;
			sourceTree = "<group>";
		};
		983BE0B919E7521E00147F39 = {
			isa = PBXGroup;
			children = (
				9847D9531A12E53500658D41 /* Sprites */,
				983BE11A19E7581F00147F39 /* Shared */,
				983BE0C419E7521E00147F39 /* Rhythm Satellite */,
				983BE0F019E753BB00147F39 /* Rhythm Satellite iOS */,
				9805CF8E19E77048008C0DC3 /* Assets */,
				983BE11C19E75C1000147F39 /* Tests */,
				983BE0C319E7521E00147F39 /* Products */,
				98E3CE391A1A365F00626D20 /* Frameworks */,
			);
			sourceTree = "<group>";
		};
		983BE0C319E7521E00147F39 /* Products */ = {
			isa = PBXGroup;
			children = (
				983BE0C219E7521E00147F39 /* Rhythm Satellite.app */,
				983BE0DA19E7521E00147F39 /* Rhythm SatelliteTests.xctest */,
				983BE0EF19E753BB00147F39 /* Rhythm Satellite iOS.app */,
				983BE10C19E753BB00147F39 /* Rhythm Satellite iOSTests.xctest */,
			);
			name = Products;
			sourceTree = "<group>";
		};
		983BE0C419E7521E00147F39 /* Rhythm Satellite */ = {
			isa = PBXGroup;
			children = (
				988DA19E19F497D600B01889 /* BattleHUD.h */,
				988DA19F19F497D600B01889 /* BattleHUD.m */,
				983BE0C719E7521E00147F39 /* OSXAppDelegate.h */,
				983BE0C819E7521E00147F39 /* OSXAppDelegate.m */,
				98F0FC2919F38E300071768B /* AssemblyScene.h */,
				98F0FC2A19F38E300071768B /* AssemblyScene.m */,
				98564E9C1A0F334100284333 /* BattleScene.h */,
				98564E9D1A0F334100284333 /* BattleScene.m */,
				983BE0D319E7521E00147F39 /* MainMenu.xib */,
				983BE0C519E7521E00147F39 /* Supporting Files */,
			);
			path = "Rhythm Satellite";
			sourceTree = "<group>";
		};
		983BE0C519E7521E00147F39 /* Supporting Files */ = {
			isa = PBXGroup;
			children = (
				983BE0C619E7521E00147F39 /* Info.plist */,
				983BE0CA19E7521E00147F39 /* main.m */,
			);
			name = "Supporting Files";
			sourceTree = "<group>";
		};
		983BE0DD19E7521E00147F39 /* Rhythm SatelliteTests */ = {
			isa = PBXGroup;
			children = (
				983BE0E019E7521E00147F39 /* Rhythm_SatelliteTests.m */,
				983BE0DE19E7521E00147F39 /* Supporting Files */,
			);
			path = "Rhythm SatelliteTests";
			sourceTree = "<group>";
		};
		983BE0DE19E7521E00147F39 /* Supporting Files */ = {
			isa = PBXGroup;
			children = (
				983BE0DF19E7521E00147F39 /* Info.plist */,
			);
			name = "Supporting Files";
			sourceTree = "<group>";
		};
		983BE0F019E753BB00147F39 /* Rhythm Satellite iOS */ = {
			isa = PBXGroup;
			children = (
				98E505E21A15DD10002BC958 /* old */,
				983BE11B19E7588C00147F39 /* iOSAppDelegate.h */,
				983BE0F619E753BB00147F39 /* iOSAppDelegate.m */,
				9885E86E19FBE28B004CFA61 /* AlarmClockModule.h */,
				9885E86F19FBE28B004CFA61 /* AlarmClockModule.m */,
				9885E86B19FA3719004CFA61 /* MainScene.h */,
				9885E86C19FA3719004CFA61 /* MainScene.m */,
				98586BBF19FB8DBA00FC345F /* MotionControllerModule.h */,
				98586BC019FB8DBA00FC345F /* MotionControllerModule.m */,
				983BE10019E753BB00147F39 /* Main.storyboard */,
				983BE0F119E753BB00147F39 /* Supporting Files */,
			);
			path = "Rhythm Satellite iOS";
			sourceTree = "<group>";
		};
		983BE0F119E753BB00147F39 /* Supporting Files */ = {
			isa = PBXGroup;
			children = (
				983BE0F219E753BB00147F39 /* Info.plist */,
				983BE0F319E753BB00147F39 /* main.m */,
			);
			name = "Supporting Files";
			sourceTree = "<group>";
		};
		983BE10F19E753BB00147F39 /* Rhythm Satellite iOSTests */ = {
			isa = PBXGroup;
			children = (
				983BE11219E753BB00147F39 /* Rhythm_Satellite_iOSTests.m */,
				983BE11019E753BB00147F39 /* Supporting Files */,
			);
			path = "Rhythm Satellite iOSTests";
			sourceTree = "<group>";
		};
		983BE11019E753BB00147F39 /* Supporting Files */ = {
			isa = PBXGroup;
			children = (
				983BE11119E753BB00147F39 /* Info.plist */,
			);
			name = "Supporting Files";
			sourceTree = "<group>";
		};
		983BE11A19E7581F00147F39 /* Shared */ = {
			isa = PBXGroup;
			children = (
				983BE0EA19E752CA00147F39 /* TransferService.h */,
				98F0FC2119F38D260071768B /* Command.h */,
				98F0FC2219F38D260071768B /* Command.m */,
				98564E9F1A0F35CE00284333 /* Action.h */,
				98564EA01A0F35CE00284333 /* Action.m */,
				98E3CE081A157ADA00626D20 /* Player.h */,
				98E3CE091A157ADA00626D20 /* Player.m */,
				98F0FC3319F3EB520071768B /* BTCentralModule.h */,
				98F0FC3419F3EB520071768B /* BTCentralModule.m */,
				988DA1A119F49D7D00B01889 /* BTPeripheralModule.h */,
				988DA1A219F49D7D00B01889 /* BTPeripheralModule.m */,
			);
			name = Shared;
			sourceTree = "<group>";
		};
		983BE11C19E75C1000147F39 /* Tests */ = {
			isa = PBXGroup;
			children = (
				983BE0DD19E7521E00147F39 /* Rhythm SatelliteTests */,
				983BE10F19E753BB00147F39 /* Rhythm Satellite iOSTests */,
			);
			name = Tests;
			sourceTree = "<group>";
		};
		9847D9531A12E53500658D41 /* Sprites */ = {
			isa = PBXGroup;
			children = (
				98F0FC2F19F3E86D0071768B /* CommandNote.h */,
				98F0FC3019F3E86D0071768B /* CommandNote.m */,
				98F0FC2519F38D640071768B /* Character.h */,
				98F0FC2619F38D640071768B /* Character.m */,
				989102861A1C21BC006F0CA4 /* RSHPBar.h */,
				989102871A1C21BC006F0CA4 /* RSHPBar.m */,
				985048221A1C638E0066FA31 /* RSChargeIcon.h */,
				985048231A1C638E0066FA31 /* RSChargeIcon.m */,
			);
			name = Sprites;
			sourceTree = "<group>";
		};
		98540EF919FD11D2000BAC9C /* Music */ = {
			isa = PBXGroup;
			children = (
				98540F0319FDC3C1000BAC9C /* RS1.m4a */,
				98F0FC1D19F2A89A0071768B /* simplebeat.caf */,
				98E7C26919F0E1F8006397DF /* bgm.mp3 */,
			);
			name = Music;
			sourceTree = "<group>";
		};
		98540F061A066BC2000BAC9C /* SpriteFiles */ = {
			isa = PBXGroup;
			children = (
				98C915211A1DBD7700082F65 /* iPhoneUI */,
				98C915221A1DBE1900082F65 /* BattleHUD */,
				98ED635A1A196EBD00A9182B /* scene */,
				98E3CE0C1A17009800626D20 /* Nori */,
				9847D9501A12E17700658D41 /* Note.atlas */,
			);
			name = SpriteFiles;
			sourceTree = "<group>";
		};
		98564EA21A14A04F00284333 /* SoundEffects */ = {
			isa = PBXGroup;
			children = (
				9815BC4B1A1E33850001EB49 /* block.wav */,
				9815BC4C1A1E33850001EB49 /* charge.wav */,
				9815BC4D1A1E33850001EB49 /* attack.wav */,
				9850482F1A1C9D5E0066FA31 /* da.wav */,
				985048301A1C9D5E0066FA31 /* a.wav */,
				985048311A1C9D5E0066FA31 /* sa.wav */,
				98E3CE1C1A1A216600626D20 /* Go.wav */,
				98564EA31A14A06700284333 /* Go.m4a */,
				98564EA41A14A06700284333 /* Ready.m4a */,
			);
			name = SoundEffects;
			sourceTree = "<group>";
		};
		98B4A6291A1629EA004935EF /* Lumberjack */ = {
			isa = PBXGroup;
			children = (
				98B4A62A1A1629EA004935EF /* DDAbstractDatabaseLogger.h */,
				98B4A62B1A1629EA004935EF /* DDAbstractDatabaseLogger.m */,
				98B4A62C1A1629EA004935EF /* DDASLLogger.h */,
				98B4A62D1A1629EA004935EF /* DDASLLogger.m */,
				98B4A62E1A1629EA004935EF /* DDFileLogger.h */,
				98B4A62F1A1629EA004935EF /* DDFileLogger.m */,
				98B4A6301A1629EA004935EF /* DDLog.h */,
				98B4A6311A1629EA004935EF /* DDLog.m */,
				98B4A6321A1629EA004935EF /* DDTTYLogger.h */,
				98B4A6331A1629EA004935EF /* DDTTYLogger.m */,
				98B4A6341A1629EA004935EF /* Extensions */,
			);
			path = Lumberjack;
			sourceTree = "<group>";
		};
		98B4A6341A1629EA004935EF /* Extensions */ = {
			isa = PBXGroup;
			children = (
				98B4A6351A1629EA004935EF /* ContextFilterLogFormatter.h */,
				98B4A6361A1629EA004935EF /* ContextFilterLogFormatter.m */,
				98B4A6371A1629EA004935EF /* DispatchQueueLogFormatter.h */,
				98B4A6381A1629EA004935EF /* DispatchQueueLogFormatter.m */,
			);
			path = Extensions;
			sourceTree = "<group>";
		};
		98C915211A1DBD7700082F65 /* iPhoneUI */ = {
			isa = PBXGroup;
			children = (
				98C915231A1DC0D700082F65 /* musicnote.png */,
				98C915241A1DC0D700082F65 /* musicnote@2x.png */,
				98C915251A1DC0D700082F65 /* musicnote@3x.png */,
			);
			name = iPhoneUI;
			sourceTree = "<group>";
		};
		98C915221A1DBE1900082F65 /* BattleHUD */ = {
			isa = PBXGroup;
			children = (
				985048381A1CA16D0066FA31 /* round.png */,
				985048391A1CA16D0066FA31 /* round@2x.png */,
				9850481F1A1C635E0066FA31 /* Charge.atlas */,
				989102891A1C29F8006F0CA4 /* HP.atlas */,
			);
			name = BattleHUD;
			sourceTree = "<group>";
		};
		98E3CE0C1A17009800626D20 /* Nori */ = {
			isa = PBXGroup;
			children = (
				98C9152F1A1E0B9900082F65 /* searchlight.png */,
				98C915301A1E0B9900082F65 /* searchlight@2x.png */,
				98C915311A1E0B9900082F65 /* searchlight@3x.png */,
				98C9152C1A1DE29800082F65 /* Nori_Sleep.atlas */,
				98C915151A1D716000082F65 /* Shadow.atlas */,
				98E3CE0D1A17009800626D20 /* Nori_Down.atlas */,
				98E3CE0E1A17009800626D20 /* Nori_Nod.atlas */,
				98E3CE0F1A17009800626D20 /* Nori_Ready_Nod.atlas */,
				98E3CE101A17009800626D20 /* Nori_Sides.atlas */,
				98E3CE111A17009800626D20 /* Nori_Up.atlas */,
			);
			path = Nori;
			sourceTree = "<group>";
		};
		98E3CE391A1A365F00626D20 /* Frameworks */ = {
			isa = PBXGroup;
			children = (
				98B4A6291A1629EA004935EF /* Lumberjack */,
				98B4A6471A1629FE004935EF /* HueSDK_OSX.framework */,
			);
			name = Frameworks;
			sourceTree = "<group>";
		};
		98E505E21A15DD10002BC958 /* old */ = {
			isa = PBXGroup;
			children = (
				984BCD8219EE57AC00F90CAB /* AlarmClockScene.h */,
				984BCD8019EE579200F90CAB /* AlarmClockScene.m */,
				983BE0FD19E753BB00147F39 /* GameViewController.h */,
				983BE0FE19E753BB00147F39 /* GameViewController.m */,
			);
			name = old;
			sourceTree = "<group>";
		};
		98ED635A1A196EBD00A9182B /* scene */ = {
			isa = PBXGroup;
			children = (
				98ED63631A1970E400A9182B /* hill_zoomed.png */,
				98ED63641A1970E400A9182B /* hill_zoomed@2x.png */,
				98ED635B1A196EBD00A9182B /* hill.png */,
				98ED635C1A196EBD00A9182B /* hill@2x.png */,
			);
			path = scene;
			sourceTree = "<group>";
		};
/* End PBXGroup section */

/* Begin PBXNativeTarget section */
		983BE0C119E7521E00147F39 /* Rhythm Satellite */ = {
			isa = PBXNativeTarget;
			buildConfigurationList = 983BE0E419E7521E00147F39 /* Build configuration list for PBXNativeTarget "Rhythm Satellite" */;
			buildPhases = (
				983BE0BE19E7521E00147F39 /* Sources */,
				983BE0BF19E7521E00147F39 /* Frameworks */,
				983BE0C019E7521E00147F39 /* Resources */,
			);
			buildRules = (
			);
			dependencies = (
			);
			name = "Rhythm Satellite";
			productName = "Rhythm Satellite";
			productReference = 983BE0C219E7521E00147F39 /* Rhythm Satellite.app */;
			productType = "com.apple.product-type.application";
		};
		983BE0D919E7521E00147F39 /* Rhythm SatelliteTests */ = {
			isa = PBXNativeTarget;
			buildConfigurationList = 983BE0E719E7521E00147F39 /* Build configuration list for PBXNativeTarget "Rhythm SatelliteTests" */;
			buildPhases = (
				983BE0D619E7521E00147F39 /* Sources */,
				983BE0D719E7521E00147F39 /* Frameworks */,
				983BE0D819E7521E00147F39 /* Resources */,
			);
			buildRules = (
			);
			dependencies = (
				983BE0DC19E7521E00147F39 /* PBXTargetDependency */,
			);
			name = "Rhythm SatelliteTests";
			productName = "Rhythm SatelliteTests";
			productReference = 983BE0DA19E7521E00147F39 /* Rhythm SatelliteTests.xctest */;
			productType = "com.apple.product-type.bundle.unit-test";
		};
		983BE0EE19E753BB00147F39 /* Rhythm Satellite iOS */ = {
			isa = PBXNativeTarget;
			buildConfigurationList = 983BE11419E753BB00147F39 /* Build configuration list for PBXNativeTarget "Rhythm Satellite iOS" */;
			buildPhases = (
				983BE0EB19E753BB00147F39 /* Sources */,
				983BE0EC19E753BB00147F39 /* Frameworks */,
				983BE0ED19E753BB00147F39 /* Resources */,
			);
			buildRules = (
			);
			dependencies = (
			);
			name = "Rhythm Satellite iOS";
			productName = "Rhythm Satellite iOS";
			productReference = 983BE0EF19E753BB00147F39 /* Rhythm Satellite iOS.app */;
			productType = "com.apple.product-type.application";
		};
		983BE10B19E753BB00147F39 /* Rhythm Satellite iOSTests */ = {
			isa = PBXNativeTarget;
			buildConfigurationList = 983BE11719E753BB00147F39 /* Build configuration list for PBXNativeTarget "Rhythm Satellite iOSTests" */;
			buildPhases = (
				983BE10819E753BB00147F39 /* Sources */,
				983BE10919E753BB00147F39 /* Frameworks */,
				983BE10A19E753BB00147F39 /* Resources */,
			);
			buildRules = (
			);
			dependencies = (
				983BE10E19E753BB00147F39 /* PBXTargetDependency */,
			);
			name = "Rhythm Satellite iOSTests";
			productName = "Rhythm Satellite iOSTests";
			productReference = 983BE10C19E753BB00147F39 /* Rhythm Satellite iOSTests.xctest */;
			productType = "com.apple.product-type.bundle.unit-test";
		};
/* End PBXNativeTarget section */

/* Begin PBXProject section */
		983BE0BA19E7521E00147F39 /* Project object */ = {
			isa = PBXProject;
			attributes = {
				LastUpgradeCheck = 0610;
				ORGANIZATIONNAME = Kiron;
				TargetAttributes = {
					983BE0C119E7521E00147F39 = {
						CreatedOnToolsVersion = 6.1;
					};
					983BE0D919E7521E00147F39 = {
						CreatedOnToolsVersion = 6.1;
						TestTargetID = 983BE0C119E7521E00147F39;
					};
					983BE0EE19E753BB00147F39 = {
						CreatedOnToolsVersion = 6.1;
						DevelopmentTeam = 4ATJP38Y6E;
					};
					983BE10B19E753BB00147F39 = {
						CreatedOnToolsVersion = 6.1;
						TestTargetID = 983BE0EE19E753BB00147F39;
					};
				};
			};
			buildConfigurationList = 983BE0BD19E7521E00147F39 /* Build configuration list for PBXProject "Rhythm Satellite" */;
			compatibilityVersion = "Xcode 3.2";
			developmentRegion = English;
			hasScannedForEncodings = 0;
			knownRegions = (
				en,
				Base,
			);
			mainGroup = 983BE0B919E7521E00147F39;
			productRefGroup = 983BE0C319E7521E00147F39 /* Products */;
			projectDirPath = "";
			projectRoot = "";
			targets = (
				983BE0C119E7521E00147F39 /* Rhythm Satellite */,
				983BE0D919E7521E00147F39 /* Rhythm SatelliteTests */,
				983BE0EE19E753BB00147F39 /* Rhythm Satellite iOS */,
				983BE10B19E753BB00147F39 /* Rhythm Satellite iOSTests */,
			);
		};
/* End PBXProject section */

/* Begin PBXResourcesBuildPhase section */
		983BE0C019E7521E00147F39 /* Resources */ = {
			isa = PBXResourcesBuildPhase;
			buildActionMask = 2147483647;
			files = (
				985048341A1C9D5E0066FA31 /* a.wav in Resources */,
				98C915281A1DC0D700082F65 /* musicnote@2x.png in Resources */,
				9891028A1A1C29F8006F0CA4 /* HP.atlas in Resources */,
				985048201A1C635E0066FA31 /* Charge.atlas in Resources */,
				988DA1A619F4AC7100B01889 /* simplebeat.caf in Resources */,
				98ED63601A196EBD00A9182B /* hill@2x.png in Resources */,
				9847D9511A12E17700658D41 /* Note.atlas in Resources */,
				98E7C26A19F0E1F8006397DF /* bgm.mp3 in Resources */,
				98564EA51A14A06700284333 /* Go.m4a in Resources */,
				9850483B1A1CA16D0066FA31 /* round@2x.png in Resources */,
				98E3CE161A17009800626D20 /* Nori_Ready_Nod.atlas in Resources */,
				98540F0419FDC3C1000BAC9C /* RS1.m4a in Resources */,
				98C915341A1E0B9900082F65 /* searchlight@2x.png in Resources */,
				98C915161A1D716000082F65 /* Shadow.atlas in Resources */,
				98C9152D1A1DE29800082F65 /* Nori_Sleep.atlas in Resources */,
				98C915321A1E0B9900082F65 /* searchlight.png in Resources */,
				98C9152A1A1DC0D700082F65 /* musicnote@3x.png in Resources */,
				98E3CE181A17009800626D20 /* Nori_Sides.atlas in Resources */,
				98ED63651A1970E400A9182B /* hill_zoomed.png in Resources */,
				9850483A1A1CA16D0066FA31 /* round.png in Resources */,
				985048361A1C9D5E0066FA31 /* sa.wav in Resources */,
				985048321A1C9D5E0066FA31 /* da.wav in Resources */,
				98C915261A1DC0D700082F65 /* musicnote.png in Resources */,
				9815BC501A1E33850001EB49 /* attack.wav in Resources */,
				98E3CE1A1A17009800626D20 /* Nori_Up.atlas in Resources */,
				98E3CE1D1A1A216600626D20 /* Go.wav in Resources */,
				98E3CE121A17009800626D20 /* Nori_Down.atlas in Resources */,
				983BE0D519E7521E00147F39 /* MainMenu.xib in Resources */,
				98ED63661A1970E400A9182B /* hill_zoomed@2x.png in Resources */,
				9815BC4F1A1E33850001EB49 /* charge.wav in Resources */,
				98564EA61A14A06700284333 /* Ready.m4a in Resources */,
				98ED635F1A196EBD00A9182B /* hill.png in Resources */,
				98C915361A1E0B9900082F65 /* searchlight@3x.png in Resources */,
				98E3CE141A17009800626D20 /* Nori_Nod.atlas in Resources */,
				9815BC4E1A1E33850001EB49 /* block.wav in Resources */,
			);
			runOnlyForDeploymentPostprocessing = 0;
		};
		983BE0D819E7521E00147F39 /* Resources */ = {
			isa = PBXResourcesBuildPhase;
			buildActionMask = 2147483647;
			files = (
			);
			runOnlyForDeploymentPostprocessing = 0;
		};
		983BE0ED19E753BB00147F39 /* Resources */ = {
			isa = PBXResourcesBuildPhase;
			buildActionMask = 2147483647;
			files = (
				98E3CE1B1A17009800626D20 /* Nori_Up.atlas in Resources */,
				98C915371A1E0B9900082F65 /* searchlight@3x.png in Resources */,
				98C9152B1A1DC0D700082F65 /* musicnote@3x.png in Resources */,
				985048421A1CD4300066FA31 /* Images.xcassets in Resources */,
				98C9152E1A1DE29800082F65 /* Nori_Sleep.atlas in Resources */,
				98540F0519FDC3C1000BAC9C /* RS1.m4a in Resources */,
				98E3CE131A17009800626D20 /* Nori_Down.atlas in Resources */,
				98C915271A1DC0D700082F65 /* musicnote.png in Resources */,
				98F0FC1E19F369B20071768B /* simplebeat.caf in Resources */,
				98C915171A1D716000082F65 /* Shadow.atlas in Resources */,
				9847D9521A12E17700658D41 /* Note.atlas in Resources */,
				98E3CE151A17009800626D20 /* Nori_Nod.atlas in Resources */,
				985048371A1C9D5E0066FA31 /* sa.wav in Resources */,
				98C915291A1DC0D700082F65 /* musicnote@2x.png in Resources */,
				98E3CE191A17009800626D20 /* Nori_Sides.atlas in Resources */,
				985048351A1C9D5E0066FA31 /* a.wav in Resources */,
				98E3CE171A17009800626D20 /* Nori_Ready_Nod.atlas in Resources */,
				983BE10219E753BB00147F39 /* Main.storyboard in Resources */,
				985048331A1C9D5E0066FA31 /* da.wav in Resources */,
				98E7C26B19F0E1F8006397DF /* bgm.mp3 in Resources */,
				98C915351A1E0B9900082F65 /* searchlight@2x.png in Resources */,
				985048211A1C635E0066FA31 /* Charge.atlas in Resources */,
				98C915331A1E0B9900082F65 /* searchlight.png in Resources */,
			);
			runOnlyForDeploymentPostprocessing = 0;
		};
		983BE10A19E753BB00147F39 /* Resources */ = {
			isa = PBXResourcesBuildPhase;
			buildActionMask = 2147483647;
			files = (
			);
			runOnlyForDeploymentPostprocessing = 0;
		};
/* End PBXResourcesBuildPhase section */

/* Begin PBXSourcesBuildPhase section */
		983BE0BE19E7521E00147F39 /* Sources */ = {
			isa = PBXSourcesBuildPhase;
			buildActionMask = 2147483647;
			files = (
				98F0FC2B19F38E300071768B /* AssemblyScene.m in Sources */,
				98F0FC3519F3EB520071768B /* BTCentralModule.m in Sources */,
				983BE0CB19E7521E00147F39 /* main.m in Sources */,
				988DA1A019F497D600B01889 /* BattleHUD.m in Sources */,
				98B4A6411A1629EA004935EF /* DDTTYLogger.m in Sources */,
				98B4A63D1A1629EA004935EF /* DDFileLogger.m in Sources */,
				98E3CE0A1A157ADA00626D20 /* Player.m in Sources */,
				988DA1A319F49D7D00B01889 /* BTPeripheralModule.m in Sources */,
				98F0FC2719F38D640071768B /* Character.m in Sources */,
				983BE0C919E7521E00147F39 /* OSXAppDelegate.m in Sources */,
				985048241A1C638E0066FA31 /* RSChargeIcon.m in Sources */,
				989102881A1C21BC006F0CA4 /* RSHPBar.m in Sources */,
				98B4A6451A1629EA004935EF /* DispatchQueueLogFormatter.m in Sources */,
				98F0FC3119F3E86D0071768B /* CommandNote.m in Sources */,
				98B4A6391A1629EA004935EF /* DDAbstractDatabaseLogger.m in Sources */,
				98564EA11A0F35CE00284333 /* Action.m in Sources */,
				98B4A63F1A1629EA004935EF /* DDLog.m in Sources */,
				98F0FC2319F38D260071768B /* Command.m in Sources */,
				98B4A63B1A1629EA004935EF /* DDASLLogger.m in Sources */,
				98564E9E1A0F334100284333 /* BattleScene.m in Sources */,
				98B4A6431A1629EA004935EF /* ContextFilterLogFormatter.m in Sources */,
			);
			runOnlyForDeploymentPostprocessing = 0;
		};
		983BE0D619E7521E00147F39 /* Sources */ = {
			isa = PBXSourcesBuildPhase;
			buildActionMask = 2147483647;
			files = (
				983BE0E119E7521E00147F39 /* Rhythm_SatelliteTests.m in Sources */,
			);
			runOnlyForDeploymentPostprocessing = 0;
		};
		983BE0EB19E753BB00147F39 /* Sources */ = {
			isa = PBXSourcesBuildPhase;
			buildActionMask = 2147483647;
			files = (
				98F0FC3219F3E86D0071768B /* CommandNote.m in Sources */,
				983BE0FF19E753BB00147F39 /* GameViewController.m in Sources */,
				98F0FC2819F38D640071768B /* Character.m in Sources */,
				98E3CE0B1A157ADA00626D20 /* Player.m in Sources */,
				98E3CE3A1A1A3A7E00626D20 /* Action.m in Sources */,
				98F0FC2419F38D260071768B /* Command.m in Sources */,
				9885E87019FBE28B004CFA61 /* AlarmClockModule.m in Sources */,
				988DA1A419F49D7D00B01889 /* BTPeripheralModule.m in Sources */,
				983BE0F719E753BB00147F39 /* iOSAppDelegate.m in Sources */,
				98F0FC3619F3EB520071768B /* BTCentralModule.m in Sources */,
				985048251A1C638E0066FA31 /* RSChargeIcon.m in Sources */,
				9885E86D19FA3719004CFA61 /* MainScene.m in Sources */,
				983BE0F419E753BB00147F39 /* main.m in Sources */,
				984BCD8119EE579200F90CAB /* AlarmClockScene.m in Sources */,
				98586BC119FB8DBA00FC345F /* MotionControllerModule.m in Sources */,
			);
			runOnlyForDeploymentPostprocessing = 0;
		};
		983BE10819E753BB00147F39 /* Sources */ = {
			isa = PBXSourcesBuildPhase;
			buildActionMask = 2147483647;
			files = (
				983BE11319E753BB00147F39 /* Rhythm_Satellite_iOSTests.m in Sources */,
			);
			runOnlyForDeploymentPostprocessing = 0;
		};
/* End PBXSourcesBuildPhase section */

/* Begin PBXTargetDependency section */
		983BE0DC19E7521E00147F39 /* PBXTargetDependency */ = {
			isa = PBXTargetDependency;
			target = 983BE0C119E7521E00147F39 /* Rhythm Satellite */;
			targetProxy = 983BE0DB19E7521E00147F39 /* PBXContainerItemProxy */;
		};
		983BE10E19E753BB00147F39 /* PBXTargetDependency */ = {
			isa = PBXTargetDependency;
			target = 983BE0EE19E753BB00147F39 /* Rhythm Satellite iOS */;
			targetProxy = 983BE10D19E753BB00147F39 /* PBXContainerItemProxy */;
		};
/* End PBXTargetDependency section */

/* Begin PBXVariantGroup section */
		983BE0D319E7521E00147F39 /* MainMenu.xib */ = {
			isa = PBXVariantGroup;
			children = (
				983BE0D419E7521E00147F39 /* Base */,
			);
			name = MainMenu.xib;
			sourceTree = "<group>";
		};
		983BE10019E753BB00147F39 /* Main.storyboard */ = {
			isa = PBXVariantGroup;
			children = (
				983BE10119E753BB00147F39 /* Base */,
			);
			name = Main.storyboard;
			sourceTree = "<group>";
		};
/* End PBXVariantGroup section */

/* Begin XCBuildConfiguration section */
		983BE0E219E7521E00147F39 /* Debug */ = {
			isa = XCBuildConfiguration;
			buildSettings = {
				ALWAYS_SEARCH_USER_PATHS = NO;
				CLANG_CXX_LANGUAGE_STANDARD = "gnu++0x";
				CLANG_CXX_LIBRARY = "libc++";
				CLANG_ENABLE_MODULES = YES;
				CLANG_ENABLE_OBJC_ARC = YES;
				CLANG_WARN_BOOL_CONVERSION = YES;
				CLANG_WARN_CONSTANT_CONVERSION = YES;
				CLANG_WARN_DIRECT_OBJC_ISA_USAGE = YES_ERROR;
				CLANG_WARN_EMPTY_BODY = YES;
				CLANG_WARN_ENUM_CONVERSION = YES;
				CLANG_WARN_INT_CONVERSION = YES;
				CLANG_WARN_OBJC_ROOT_CLASS = YES_ERROR;
				CLANG_WARN_UNREACHABLE_CODE = YES;
				CLANG_WARN__DUPLICATE_METHOD_MATCH = YES;
				CODE_SIGN_IDENTITY = "-";
				COPY_PHASE_STRIP = NO;
				ENABLE_STRICT_OBJC_MSGSEND = YES;
				GCC_C_LANGUAGE_STANDARD = gnu99;
				GCC_DYNAMIC_NO_PIC = NO;
				GCC_OPTIMIZATION_LEVEL = 0;
				GCC_PREPROCESSOR_DEFINITIONS = (
					"DEBUG=1",
					"$(inherited)",
				);
				GCC_SYMBOLS_PRIVATE_EXTERN = NO;
				GCC_WARN_64_TO_32_BIT_CONVERSION = YES;
				GCC_WARN_ABOUT_RETURN_TYPE = YES_ERROR;
				GCC_WARN_UNDECLARED_SELECTOR = YES;
				GCC_WARN_UNINITIALIZED_AUTOS = YES_AGGRESSIVE;
				GCC_WARN_UNUSED_FUNCTION = YES;
				GCC_WARN_UNUSED_VARIABLE = YES;
				MACOSX_DEPLOYMENT_TARGET = 10.10;
				MTL_ENABLE_DEBUG_INFO = YES;
				ONLY_ACTIVE_ARCH = YES;
				SDKROOT = macosx;
			};
			name = Debug;
		};
		983BE0E319E7521E00147F39 /* Release */ = {
			isa = XCBuildConfiguration;
			buildSettings = {
				ALWAYS_SEARCH_USER_PATHS = NO;
				CLANG_CXX_LANGUAGE_STANDARD = "gnu++0x";
				CLANG_CXX_LIBRARY = "libc++";
				CLANG_ENABLE_MODULES = YES;
				CLANG_ENABLE_OBJC_ARC = YES;
				CLANG_WARN_BOOL_CONVERSION = YES;
				CLANG_WARN_CONSTANT_CONVERSION = YES;
				CLANG_WARN_DIRECT_OBJC_ISA_USAGE = YES_ERROR;
				CLANG_WARN_EMPTY_BODY = YES;
				CLANG_WARN_ENUM_CONVERSION = YES;
				CLANG_WARN_INT_CONVERSION = YES;
				CLANG_WARN_OBJC_ROOT_CLASS = YES_ERROR;
				CLANG_WARN_UNREACHABLE_CODE = YES;
				CLANG_WARN__DUPLICATE_METHOD_MATCH = YES;
				CODE_SIGN_IDENTITY = "-";
				COPY_PHASE_STRIP = YES;
				DEBUG_INFORMATION_FORMAT = "dwarf-with-dsym";
				ENABLE_NS_ASSERTIONS = NO;
				ENABLE_STRICT_OBJC_MSGSEND = YES;
				GCC_C_LANGUAGE_STANDARD = gnu99;
				GCC_WARN_64_TO_32_BIT_CONVERSION = YES;
				GCC_WARN_ABOUT_RETURN_TYPE = YES_ERROR;
				GCC_WARN_UNDECLARED_SELECTOR = YES;
				GCC_WARN_UNINITIALIZED_AUTOS = YES_AGGRESSIVE;
				GCC_WARN_UNUSED_FUNCTION = YES;
				GCC_WARN_UNUSED_VARIABLE = YES;
				MACOSX_DEPLOYMENT_TARGET = 10.10;
				MTL_ENABLE_DEBUG_INFO = NO;
				SDKROOT = macosx;
			};
			name = Release;
		};
		983BE0E519E7521E00147F39 /* Debug */ = {
			isa = XCBuildConfiguration;
			buildSettings = {
				ASSETCATALOG_COMPILER_APPICON_NAME = AppIcon;
				COMBINE_HIDPI_IMAGES = YES;
				FRAMEWORK_SEARCH_PATHS = (
					"$(inherited)",
					"$(PROJECT_DIR)",
				);
				INFOPLIST_FILE = "Rhythm Satellite/Info.plist";
				LD_RUNPATH_SEARCH_PATHS = "$(inherited)";
				OTHER_LDFLAGS = "-ObjC";
				PRODUCT_NAME = "$(TARGET_NAME)";
			};
			name = Debug;
		};
		983BE0E619E7521E00147F39 /* Release */ = {
			isa = XCBuildConfiguration;
			buildSettings = {
				ASSETCATALOG_COMPILER_APPICON_NAME = AppIcon;
				COMBINE_HIDPI_IMAGES = YES;
				FRAMEWORK_SEARCH_PATHS = (
					"$(inherited)",
					"$(PROJECT_DIR)",
				);
				INFOPLIST_FILE = "Rhythm Satellite/Info.plist";
				LD_RUNPATH_SEARCH_PATHS = "$(inherited)";
				OTHER_LDFLAGS = "-ObjC";
				PRODUCT_NAME = "$(TARGET_NAME)";
			};
			name = Release;
		};
		983BE0E819E7521E00147F39 /* Debug */ = {
			isa = XCBuildConfiguration;
			buildSettings = {
				BUNDLE_LOADER = "$(TEST_HOST)";
				COMBINE_HIDPI_IMAGES = YES;
				FRAMEWORK_SEARCH_PATHS = (
					"$(DEVELOPER_FRAMEWORKS_DIR)",
					"$(inherited)",
				);
				GCC_PREPROCESSOR_DEFINITIONS = (
					"DEBUG=1",
					"$(inherited)",
				);
				INFOPLIST_FILE = "Rhythm SatelliteTests/Info.plist";
				LD_RUNPATH_SEARCH_PATHS = "$(inherited) @executable_path/../Frameworks @loader_path/../Frameworks";
				PRODUCT_NAME = "$(TARGET_NAME)";
				TEST_HOST = "$(BUILT_PRODUCTS_DIR)/Rhythm Satellite.app/Contents/MacOS/Rhythm Satellite";
			};
			name = Debug;
		};
		983BE0E919E7521E00147F39 /* Release */ = {
			isa = XCBuildConfiguration;
			buildSettings = {
				BUNDLE_LOADER = "$(TEST_HOST)";
				COMBINE_HIDPI_IMAGES = YES;
				FRAMEWORK_SEARCH_PATHS = (
					"$(DEVELOPER_FRAMEWORKS_DIR)",
					"$(inherited)",
				);
				INFOPLIST_FILE = "Rhythm SatelliteTests/Info.plist";
				LD_RUNPATH_SEARCH_PATHS = "$(inherited) @executable_path/../Frameworks @loader_path/../Frameworks";
				PRODUCT_NAME = "$(TARGET_NAME)";
				TEST_HOST = "$(BUILT_PRODUCTS_DIR)/Rhythm Satellite.app/Contents/MacOS/Rhythm Satellite";
			};
			name = Release;
		};
		983BE11519E753BB00147F39 /* Debug */ = {
			isa = XCBuildConfiguration;
			buildSettings = {
				ARCHS = "$(ARCHS_STANDARD)";
				ASSETCATALOG_COMPILER_APPICON_NAME = AppIcon;
				ASSETCATALOG_COMPILER_LAUNCHIMAGE_NAME = LaunchImage;
				CODE_SIGN_IDENTITY = "iPhone Developer";
				"CODE_SIGN_IDENTITY[sdk=*]" = "";
				"CODE_SIGN_IDENTITY[sdk=iphoneos*]" = "iPhone Developer";
				FRAMEWORK_SEARCH_PATHS = (
					"$(inherited)",
					"$(PROJECT_DIR)",
				);
				GCC_PREPROCESSOR_DEFINITIONS = (
					"DEBUG=1",
					"$(inherited)",
				);
				INFOPLIST_FILE = "Rhythm Satellite iOS/Info.plist";
				IPHONEOS_DEPLOYMENT_TARGET = 8.1;
				LD_RUNPATH_SEARCH_PATHS = "$(inherited) @executable_path/Frameworks";
				ONLY_ACTIVE_ARCH = YES;
				OTHER_LDFLAGS = "-ObjC";
				PRODUCT_NAME = "$(TARGET_NAME)";
				PROVISIONING_PROFILE = "";
				SDKROOT = iphoneos;
			};
			name = Debug;
		};
		983BE11619E753BB00147F39 /* Release */ = {
			isa = XCBuildConfiguration;
			buildSettings = {
				ARCHS = "$(ARCHS_STANDARD)";
				ASSETCATALOG_COMPILER_APPICON_NAME = AppIcon;
				ASSETCATALOG_COMPILER_LAUNCHIMAGE_NAME = LaunchImage;
				CODE_SIGN_IDENTITY = "iPhone Developer";
				"CODE_SIGN_IDENTITY[sdk=*]" = "";
				"CODE_SIGN_IDENTITY[sdk=iphoneos*]" = "iPhone Developer";
				FRAMEWORK_SEARCH_PATHS = (
					"$(inherited)",
					"$(PROJECT_DIR)",
				);
				INFOPLIST_FILE = "Rhythm Satellite iOS/Info.plist";
				IPHONEOS_DEPLOYMENT_TARGET = 8.1;
				LD_RUNPATH_SEARCH_PATHS = "$(inherited) @executable_path/Frameworks";
				ONLY_ACTIVE_ARCH = NO;
				OTHER_LDFLAGS = "-ObjC";
				PRODUCT_NAME = "$(TARGET_NAME)";
				PROVISIONING_PROFILE = "";
				SDKROOT = iphoneos;
				VALIDATE_PRODUCT = YES;
			};
			name = Release;
		};
		983BE11819E753BB00147F39 /* Debug */ = {
			isa = XCBuildConfiguration;
			buildSettings = {
				BUNDLE_LOADER = "$(TEST_HOST)";
				CODE_SIGN_IDENTITY = "iPhone Developer";
				FRAMEWORK_SEARCH_PATHS = (
					"$(SDKROOT)/Developer/Library/Frameworks",
					"$(inherited)",
				);
				GCC_PREPROCESSOR_DEFINITIONS = (
					"DEBUG=1",
					"$(inherited)",
				);
				INFOPLIST_FILE = "Rhythm Satellite iOSTests/Info.plist";
				IPHONEOS_DEPLOYMENT_TARGET = 8.1;
				LD_RUNPATH_SEARCH_PATHS = "$(inherited) @executable_path/Frameworks @loader_path/Frameworks";
				PRODUCT_NAME = "$(TARGET_NAME)";
				SDKROOT = iphoneos;
				TEST_HOST = "$(BUILT_PRODUCTS_DIR)/Rhythm Satellite iOS.app/Rhythm Satellite iOS";
			};
			name = Debug;
		};
		983BE11919E753BB00147F39 /* Release */ = {
			isa = XCBuildConfiguration;
			buildSettings = {
				BUNDLE_LOADER = "$(TEST_HOST)";
				CODE_SIGN_IDENTITY = "iPhone Developer";
				FRAMEWORK_SEARCH_PATHS = (
					"$(SDKROOT)/Developer/Library/Frameworks",
					"$(inherited)",
				);
				INFOPLIST_FILE = "Rhythm Satellite iOSTests/Info.plist";
				IPHONEOS_DEPLOYMENT_TARGET = 8.1;
				LD_RUNPATH_SEARCH_PATHS = "$(inherited) @executable_path/Frameworks @loader_path/Frameworks";
				PRODUCT_NAME = "$(TARGET_NAME)";
				SDKROOT = iphoneos;
				TEST_HOST = "$(BUILT_PRODUCTS_DIR)/Rhythm Satellite iOS.app/Rhythm Satellite iOS";
				VALIDATE_PRODUCT = YES;
			};
			name = Release;
		};
/* End XCBuildConfiguration section */

/* Begin XCConfigurationList section */
		983BE0BD19E7521E00147F39 /* Build configuration list for PBXProject "Rhythm Satellite" */ = {
			isa = XCConfigurationList;
			buildConfigurations = (
				983BE0E219E7521E00147F39 /* Debug */,
				983BE0E319E7521E00147F39 /* Release */,
			);
			defaultConfigurationIsVisible = 0;
			defaultConfigurationName = Release;
		};
		983BE0E419E7521E00147F39 /* Build configuration list for PBXNativeTarget "Rhythm Satellite" */ = {
			isa = XCConfigurationList;
			buildConfigurations = (
				983BE0E519E7521E00147F39 /* Debug */,
				983BE0E619E7521E00147F39 /* Release */,
			);
			defaultConfigurationIsVisible = 0;
			defaultConfigurationName = Release;
		};
		983BE0E719E7521E00147F39 /* Build configuration list for PBXNativeTarget "Rhythm SatelliteTests" */ = {
			isa = XCConfigurationList;
			buildConfigurations = (
				983BE0E819E7521E00147F39 /* Debug */,
				983BE0E919E7521E00147F39 /* Release */,
			);
			defaultConfigurationIsVisible = 0;
			defaultConfigurationName = Release;
		};
		983BE11419E753BB00147F39 /* Build configuration list for PBXNativeTarget "Rhythm Satellite iOS" */ = {
			isa = XCConfigurationList;
			buildConfigurations = (
				983BE11519E753BB00147F39 /* Debug */,
				983BE11619E753BB00147F39 /* Release */,
			);
			defaultConfigurationIsVisible = 0;
			defaultConfigurationName = Release;
		};
		983BE11719E753BB00147F39 /* Build configuration list for PBXNativeTarget "Rhythm Satellite iOSTests" */ = {
			isa = XCConfigurationList;
			buildConfigurations = (
				983BE11819E753BB00147F39 /* Debug */,
				983BE11919E753BB00147F39 /* Release */,
			);
			defaultConfigurationIsVisible = 0;
			defaultConfigurationName = Release;
		};
/* End XCConfigurationList section */
	};
	rootObject = 983BE0BA19E7521E00147F39 /* Project object */;
}
